
Microsoft Visual Studio Solution File, Format Version 12.00
# Visual Studio Version 17
VisualStudioVersion = 17.11.35312.102
MinimumVisualStudioVersion = 10.0.40219.1
Project("{FAE04EC0-301F-11D3-BF4B-00C04F79EFBC}") = "WinFormsFileCopy", "WinFormsFileCopy\WinFormsFileCopy.csproj", "{40844710-BCCC-46CF-9D27-3D64CBC4132B}"
EndProject
Global
	GlobalSection(SolutionConfigurationPlatforms) = preSolution
		Debug|Any CPU = Debug|Any CPU
		Release|Any CPU = Release|Any CPU
	EndGlobalSection
	GlobalSection(ProjectConfigurationPlatforms) = postSolution
		{40844710-BCCC-46CF-9D27-3D64CBC4132B}.Debug|Any CPU.ActiveCfg = Debug|Any CPU
		{40844710-BCCC-46CF-9D27-3D64CBC4132B}.Debug|Any CPU.Build.0 = Debug|Any CPU
		{40844710-BCCC-46CF-9D27-3D64CBC4132B}.Release|Any CPU.ActiveCfg = Release|Any CPU
		{40844710-BCCC-46CF-9D27-3D64CBC4132B}.Release|Any CPU.Build.0 = Release|Any CPU
	EndGlobalSection
	GlobalSection(SolutionProperties) = preSolution
		HideSolutionNode = FALSE
	EndGlobalSection
	GlobalSection(ExtensibilityGlobals) = postSolution
		SolutionGuid = {502C519C-613F-493B-9364-71D12BCB9CC9}
	EndGlobalSection
EndGlobal
